// !$*UTF8*$!
{
	archiveVersion = 1;
	classes = {
	};
	objectVersion = 50;
	objects = {

/* Begin PBXBuildFile section */
		A20FE665235C5F7C003AA8F8 /* AppDelegate.swift in Sources */ = {isa = PBXBuildFile; fileRef = A20FE664235C5F7C003AA8F8 /* AppDelegate.swift */; };
		A20FE667235C5F7C003AA8F8 /* SceneDelegate.swift in Sources */ = {isa = PBXBuildFile; fileRef = A20FE666235C5F7C003AA8F8 /* SceneDelegate.swift */; };
		A20FE669235C5F7C003AA8F8 /* ViewController.swift in Sources */ = {isa = PBXBuildFile; fileRef = A20FE668235C5F7C003AA8F8 /* ViewController.swift */; };
		A20FE66C235C5F7C003AA8F8 /* Main.storyboard in Resources */ = {isa = PBXBuildFile; fileRef = A20FE66A235C5F7C003AA8F8 /* Main.storyboard */; };
		A20FE66E235C5F7F003AA8F8 /* Assets.xcassets in Resources */ = {isa = PBXBuildFile; fileRef = A20FE66D235C5F7F003AA8F8 /* Assets.xcassets */; };
		A20FE671235C5F7F003AA8F8 /* LaunchScreen.storyboard in Resources */ = {isa = PBXBuildFile; fileRef = A20FE66F235C5F7F003AA8F8 /* LaunchScreen.storyboard */; };
/* End PBXBuildFile section */

/* Begin PBXFileReference section */
		A20FE661235C5F7C003AA8F8 /* NetworkingGesturesDemo.app */ = {isa = PBXFileReference; explicitFileType = wrapper.application; includeInIndex = 0; path = NetworkingGesturesDemo.app; sourceTree = BUILT_PRODUCTS_DIR; };
		A20FE664235C5F7C003AA8F8 /* AppDelegate.swift */ = {isa = PBXFileReference; lastKnownFileType = sourcecode.swift; path = AppDelegate.swift; sourceTree = "<group>"; };
		A20FE666235C5F7C003AA8F8 /* SceneDelegate.swift */ = {isa = PBXFileReference; lastKnownFileType = sourcecode.swift; path = SceneDelegate.swift; sourceTree = "<group>"; };
		A20FE668235C5F7C003AA8F8 /* ViewController.swift */ = {isa = PBXFileReference; lastKnownFileType = sourcecode.swift; path = ViewController.swift; sourceTree = "<group>"; };
		A20FE66B235C5F7C003AA8F8 /* Base */ = {isa = PBXFileReference; lastKnownFileType = file.storyboard; name = Base; path = Base.lproj/Main.storyboard; sourceTree = "<group>"; };
		A20FE66D235C5F7F003AA8F8 /* Assets.xcassets */ = {isa = PBXFileReference; lastKnownFileType = folder.assetcatalog; path = Assets.xcassets; sourceTree = "<group>"; };
		A20FE670235C5F7F003AA8F8 /* Base */ = {isa = PBXFileReference; lastKnownFileType = file.storyboard; name = Base; path = Base.lproj/LaunchScreen.storyboard; sourceTree = "<group>"; };
		A20FE672235C5F7F003AA8F8 /* Info.plist */ = {isa = PBXFileReference; lastKnownFileType = text.plist.xml; path = Info.plist; sourceTree = "<group>"; };
/* End PBXFileReference section */

/* Begin PBXFrameworksBuildPhase section */
		A20FE65E235C5F7C003AA8F8 /* Frameworks */ = {
			isa = PBXFrameworksBuildPhase;
			buildActionMask = 2147483647;
			files = (
			);
			runOnlyForDeploymentPostprocessing = 0;
		};
/* End PBXFrameworksBuildPhase section */

/* Begin PBXGroup section */
		A20FE658235C5F7C003AA8F8 = {
			isa = PBXGroup;
			children = (
				A20FE663235C5F7C003AA8F8 /* NetworkingGesturesDemo */,
				A20FE662235C5F7C003AA8F8 /* Products */,
			);
			sourceTree = "<group>";
		};
		A20FE662235C5F7C003AA8F8 /* Products */ = {
			isa = PBXGroup;
			children = (
				A20FE661235C5F7C003AA8F8 /* NetworkingGesturesDemo.app */,
			);
			name = Products;
			sourceTree = "<group>";
		};
		A20FE663235C5F7C003AA8F8 /* NetworkingGesturesDemo */ = {
			isa = PBXGroup;
			children = (
				A20FE664235C5F7C003AA8F8 /* AppDelegate.swift */,
				A20FE666235C5F7C003AA8F8 /* SceneDelegate.swift */,
				A20FE668235C5F7C003AA8F8 /* ViewController.swift */,
				A20FE66A235C5F7C003AA8F8 /* Main.storyboard */,
				A20FE66D235C5F7F003AA8F8 /* Assets.xcassets */,
				A20FE66F235C5F7F003AA8F8 /* LaunchScreen.storyboard */,
				A20FE672235C5F7F003AA8F8 /* Info.plist */,
			);
			path = NetworkingGesturesDemo;
			sourceTree = "<group>";
		};
/* End PBXGroup section */

/* Begin PBXNativeTarget section */
		A20FE660235C5F7C003AA8F8 /* NetworkingGesturesDemo */ = {
			isa = PBXNativeTarget;
			buildConfigurationList = A20FE675235C5F7F003AA8F8 /* Build configuration list for PBXNativeTarget "NetworkingGesturesDemo" */;
			buildPhases = (
				A20FE65D235C5F7C003AA8F8 /* Sources */,
				A20FE65E235C5F7C003AA8F8 /* Frameworks */,
				A20FE65F235C5F7C003AA8F8 /* Resources */,
			);
			buildRules = (
			);
			dependencies = (
			);
			name = NetworkingGesturesDemo;
			productName = NetworkingGesturesDemo;
			productReference = A20FE661235C5F7C003AA8F8 /* NetworkingGesturesDemo.app */;
			productType = "com.apple.product-type.application";
		};
/* End PBXNativeTarget section */

/* Begin PBXProject section */
		A20FE659235C5F7C003AA8F8 /* Project object */ = {
			isa = PBXProject;
			attributes = {
				LastSwiftUpdateCheck = 1110;
				LastUpgradeCheck = 1110;
				ORGANIZATIONNAME = ArmanVaziri;
				TargetAttributes = {
					A20FE660235C5F7C003AA8F8 = {
						CreatedOnToolsVersion = 11.1;
					};
				};
			};
			buildConfigurationList = A20FE65C235C5F7C003AA8F8 /* Build configuration list for PBXProject "NetworkingGesturesDemo" */;
			compatibilityVersion = "Xcode 9.3";
			developmentRegion = en;
			hasScannedForEncodings = 0;
			knownRegions = (
				en,
				Base,
			);
			mainGroup = A20FE658235C5F7C003AA8F8;
			productRefGroup = A20FE662235C5F7C003AA8F8 /* Products */;
			projectDirPath = "";
			projectRoot = "";
			targets = (
				A20FE660235C5F7C003AA8F8 /* NetworkingGesturesDemo */,
			);
		};
/* End PBXProject section */

/* Begin PBXResourcesBuildPhase section */
		A20FE65F235C5F7C003AA8F8 /* Resources */ = {
			isa = PBXResourcesBuildPhase;
			buildActionMask = 2147483647;
			files = (
				A20FE671235C5F7F003AA8F8 /* LaunchScreen.storyboard in Resources */,
				A20FE66E235C5F7F003AA8F8 /* Assets.xcassets in Resources */,
				A20FE66C235C5F7C003AA8F8 /* Main.storyboard in Resources */,
			);
			runOnlyForDeploymentPostprocessing = 0;
		};
/* End PBXResourcesBuildPhase section */

/* Begin PBXSourcesBuildPhase section */
		A20FE65D235C5F7C003AA8F8 /* Sources */ = {
			isa = PBXSourcesBuildPhase;
			buildActionMask = 2147483647;
			files = (
				A20FE669235C5F7C003AA8F8 /* ViewController.swift in Sources */,
				A20FE665235C5F7C003AA8F8 /* AppDelegate.swift in Sources */,
				A20FE667235C5F7C003AA8F8 /* SceneDelegate.swift in Sources */,
			);
			runOnlyForDeploymentPostprocessing = 0;
		};
/* End PBXSourcesBuildPhase section */

/* Begin PBXVariantGroup section */
		A20FE66A235C5F7C003AA8F8 /* Main.storyboard */ = {
			isa = PBXVariantGroup;
			children = (
				A20FE66B235C5F7C003AA8F8 /* Base */,
			);
			name = Main.storyboard;
			sourceTree = "<group>";
		};
		A20FE66F235C5F7F003AA8F8 /* LaunchScreen.storyboard */ = {
			isa = PBXVariantGroup;
			children = (
				A20FE670235C5F7F003AA8F8 /* Base */,
			);
			name = LaunchScreen.storyboard;
			sourceTree = "<group>";
		};
/* End PBXVariantGroup section */

/* Begin XCBuildConfiguration section */
		A20FE673235C5F7F003AA8F8 /* Debug */ = {
			isa = XCBuildConfiguration;
			buildSettings = {
				ALWAYS_SEARCH_USER_PATHS = NO;
				CLANG_ANALYZER_NONNULL = YES;
				CLANG_ANALYZER_NUMBER_OBJECT_CONVERSION = YES_AGGRESSIVE;
				CLANG_CXX_LANGUAGE_STANDARD = "gnu++14";
				CLANG_CXX_LIBRARY = "libc++";
				CLANG_ENABLE_MODULES = YES;
				CLANG_ENABLE_OBJC_ARC = YES;
				CLANG_ENABLE_OBJC_WEAK = YES;
				CLANG_WARN_BLOCK_CAPTURE_AUTORELEASING = YES;
				CLANG_WARN_BOOL_CONVERSION = YES;
				CLANG_WARN_COMMA = YES;
				CLANG_WARN_CONSTANT_CONVERSION = YES;
				CLANG_WARN_DEPRECATED_OBJC_IMPLEMENTATIONS = YES;
				CLANG_WARN_DIRECT_OBJC_ISA_USAGE = YES_ERROR;
				CLANG_WARN_DOCUMENTATION_COMMENTS = YES;
				CLANG_WARN_EMPTY_BODY = YES;
				CLANG_WARN_ENUM_CONVERSION = YES;
				CLANG_WARN_INFINITE_RECURSION = YES;
				CLANG_WARN_INT_CONVERSION = YES;
				CLANG_WARN_NON_LITERAL_NULL_CONVERSION = YES;
				CLANG_WARN_OBJC_IMPLICIT_RETAIN_SELF = YES;
				CLANG_WARN_OBJC_LITERAL_CONVERSION = YES;
				CLANG_WARN_OBJC_ROOT_CLASS = YES_ERROR;
				CLANG_WARN_RANGE_LOOP_ANALYSIS = YES;
				CLANG_WARN_STRICT_PROTOTYPES = YES;
				CLANG_WARN_SUSPICIOUS_MOVE = YES;
				CLANG_WARN_UNGUARDED_AVAILABILITY = YES_AGGRESSIVE;
				CLANG_WARN_UNREACHABLE_CODE = YES;
				CLANG_WARN__DUPLICATE_METHOD_MATCH = YES;
				COPY_PHASE_STRIP = NO;
				DEBUG_INFORMATION_FORMAT = dwarf;
				ENABLE_STRICT_OBJC_MSGSEND = YES;
				ENABLE_TESTABILITY = YES;
				GCC_C_LANGUAGE_STANDARD = gnu11;
				GCC_DYNAMIC_NO_PIC = NO;
				GCC_NO_COMMON_BLOCKS = YES;
				GCC_OPTIMIZATION_LEVEL = 0;
				GCC_PREPROCESSOR_DEFINITIONS = (
					"DEBUG=1",
					"$(inherited)",
				);
				GCC_WARN_64_TO_32_BIT_CONVERSION = YES;
				GCC_WARN_ABOUT_RETURN_TYPE = YES_ERROR;
				GCC_WARN_UNDECLARED_SELECTOR = YES;
				GCC_WARN_UNINITIALIZED_AUTOS = YES_AGGRESSIVE;
				GCC_WARN_UNUSED_FUNCTION = YES;
				GCC_WARN_UNUSED_VARIABLE = YES;
				IPHONEOS_DEPLOYMENT_TARGET = 13.1;
				MTL_ENABLE_DEBUG_INFO = INCLUDE_SOURCE;
				MTL_FAST_MATH = YES;
				ONLY_ACTIVE_ARCH = YES;
				SDKROOT = iphoneos;
				SWIFT_ACTIVE_COMPILATION_CONDITIONS = DEBUG;
				SWIFT_OPTIMIZATION_LEVEL = "-Onone";
			};
			name = Debug;
		};
		A20FE674235C5F7F003AA8F8 /* Release */ = {
			isa = XCBuildConfiguration;
			buildSettings = {
				ALWAYS_SEARCH_USER_PATHS = NO;
				CLANG_ANALYZER_NONNULL = YES;
				CLANG_ANALYZER_NUMBER_OBJECT_CONVERSION = YES_AGGRESSIVE;
				CLANG_CXX_LANGUAGE_STANDARD = "gnu++14";
				CLANG_CXX_LIBRARY = "libc++";
				CLANG_ENABLE_MODULES = YES;
				CLANG_ENABLE_OBJC_ARC = YES;
				CLANG_ENABLE_OBJC_WEAK = YES;
				CLANG_WARN_BLOCK_CAPTURE_AUTORELEASING = YES;
				CLANG_WARN_BOOL_CONVERSION = YES;
				CLANG_WARN_COMMA = YES;
				CLANG_WARN_CONSTANT_CONVERSION = YES;
				CLANG_WARN_DEPRECATED_OBJC_IMPLEMENTATIONS = YES;
				CLANG_WARN_DIRECT_OBJC_ISA_USAGE = YES_ERROR;
				CLANG_WARN_DOCUMENTATION_COMMENTS = YES;
				CLANG_WARN_EMPTY_BODY = YES;
				CLANG_WARN_ENUM_CONVERSION = YES;
				CLANG_WARN_INFINITE_RECURSION = YES;
				CLANG_WARN_INT_CONVERSION = YES;
				CLANG_WARN_NON_LITERAL_NULL_CONVERSION = YES;
				CLANG_WARN_OBJC_IMPLICIT_RETAIN_SELF = YES;
				CLANG_WARN_OBJC_LITERAL_CONVERSION = YES;
				CLANG_WARN_OBJC_ROOT_CLASS = YES_ERROR;
				CLANG_WARN_RANGE_LOOP_ANALYSIS = YES;
				CLANG_WARN_STRICT_PROTOTYPES = YES;
				CLANG_WARN_SUSPICIOUS_MOVE = YES;
				CLANG_WARN_UNGUARDED_AVAILABILITY = YES_AGGRESSIVE;
				CLANG_WARN_UNREACHABLE_CODE = YES;
				CLANG_WARN__DUPLICATE_METHOD_MATCH = YES;
				COPY_PHASE_STRIP = NO;
				DEBUG_INFORMATION_FORMAT = "dwarf-with-dsym";
				ENABLE_NS_ASSERTIONS = NO;
				ENABLE_STRICT_OBJC_MSGSEND = YES;
				GCC_C_LANGUAGE_STANDARD = gnu11;
				GCC_NO_COMMON_BLOCKS = YES;
				GCC_WARN_64_TO_32_BIT_CONVERSION = YES;
				GCC_WARN_ABOUT_RETURN_TYPE = YES_ERROR;
				GCC_WARN_UNDECLARED_SELECTOR = YES;
				GCC_WARN_UNINITIALIZED_AUTOS = YES_AGGRESSIVE;
				GCC_WARN_UNUSED_FUNCTION = YES;
				GCC_WARN_UNUSED_VARIABLE = YES;
				IPHONEOS_DEPLOYMENT_TARGET = 13.1;
				MTL_ENABLE_DEBUG_INFO = NO;
				MTL_FAST_MATH = YES;
				SDKROOT = iphoneos;
				SWIFT_COMPILATION_MODE = wholemodule;
				SWIFT_OPTIMIZATION_LEVEL = "-O";
				VALIDATE_PRODUCT = YES;
			};
			name = Release;
		};
		A20FE676235C5F7F003AA8F8 /* Debug */ = {
			isa = XCBuildConfiguration;
			buildSettings = {
				ASSETCATALOG_COMPILER_APPICON_NAME = AppIcon;
				CODE_SIGN_STYLE = Automatic;
				DEVELOPMENT_TEAM = 7XHWBX37C3;
				INFOPLIST_FILE = NetworkingGesturesDemo/Info.plist;
				LD_RUNPATH_SEARCH_PATHS = (
					"$(inherited)",
					"@executable_path/Frameworks",
				);
				PRODUCT_BUNDLE_IDENTIFIER = ArmanVaziri.NetworkingGesturesDemo;
				PRODUCT_NAME = "$(TARGET_NAME)";
				SWIFT_VERSION = 5.0;
				TARGETED_DEVICE_FAMILY = "1,2";
			};
			name = Debug;
		};
		A20FE677235C5F7F003AA8F8 /* Release */ = {
			isa = XCBuildConfiguration;
			buildSettings = {
				ASSETCATALOG_COMPILER_APPICON_NAME = AppIcon;
				CODE_SIGN_STYLE = Automatic;
				DEVELOPMENT_TEAM = 7XHWBX37C3;
				INFOPLIST_FILE = NetworkingGesturesDemo/Info.plist;
				LD_RUNPATH_SEARCH_PATHS = (
					"$(inherited)",
					"@executable_path/Frameworks",
				);
				PRODUCT_BUNDLE_IDENTIFIER = ArmanVaziri.NetworkingGesturesDemo;
				PRODUCT_NAME = "$(TARGET_NAME)";
				SWIFT_VERSION = 5.0;
				TARGETED_DEVICE_FAMILY = "1,2";
			};
			name = Release;
		};
/* End XCBuildConfiguration section */

/* Begin XCConfigurationList section */
		A20FE65C235C5F7C003AA8F8 /* Build configuration list for PBXProject "NetworkingGesturesDemo" */ = {
			isa = XCConfigurationList;
			buildConfigurations = (
				A20FE673235C5F7F003AA8F8 /* Debug */,
				A20FE674235C5F7F003AA8F8 /* Release */,
			);
			defaultConfigurationIsVisible = 0;
			defaultConfigurationName = Release;
		};
		A20FE675235C5F7F003AA8F8 /* Build configuration list for PBXNativeTarget "NetworkingGesturesDemo" */ = {
			isa = XCConfigurationList;
			buildConfigurations = (
				A20FE676235C5F7F003AA8F8 /* Debug */,
				A20FE677235C5F7F003AA8F8 /* Release */,
			);
			defaultConfigurationIsVisible = 0;
			defaultConfigurationName = Release;
		};
/* End XCConfigurationList section */
	};
	rootObject = A20FE659235C5F7C003AA8F8 /* Project object */;
}
