// !$*UTF8*$!
{
	archiveVersion = 1;
	classes = {
	};
	objectVersion = 50;
	objects = {

/* Begin PBXBuildFile section */
		8D28BD0F71CBEB7641523BBF /* Pods_LoginFirebaseDemoVideo.framework in Frameworks */ = {isa = PBXBuildFile; fileRef = D1FDEAC20B56C2A4C710EF68 /* Pods_LoginFirebaseDemoVideo.framework */; };
		A25F73C4235E7838004FE0B9 /* AppDelegate.swift in Sources */ = {isa = PBXBuildFile; fileRef = A25F73C3235E7838004FE0B9 /* AppDelegate.swift */; };
		A25F73C6235E7838004FE0B9 /* SceneDelegate.swift in Sources */ = {isa = PBXBuildFile; fileRef = A25F73C5235E7838004FE0B9 /* SceneDelegate.swift */; };
		A25F73C8235E7838004FE0B9 /* ViewController.swift in Sources */ = {isa = PBXBuildFile; fileRef = A25F73C7235E7838004FE0B9 /* ViewController.swift */; };
		A25F73CB235E7838004FE0B9 /* Main.storyboard in Resources */ = {isa = PBXBuildFile; fileRef = A25F73C9235E7838004FE0B9 /* Main.storyboard */; };
		A25F73CD235E783B004FE0B9 /* Assets.xcassets in Resources */ = {isa = PBXBuildFile; fileRef = A25F73CC235E783B004FE0B9 /* Assets.xcassets */; };
		A25F73D0235E783B004FE0B9 /* LaunchScreen.storyboard in Resources */ = {isa = PBXBuildFile; fileRef = A25F73CE235E783B004FE0B9 /* LaunchScreen.storyboard */; };
		A25F73D8235E7A53004FE0B9 /* GoogleService-Info.plist in Resources */ = {isa = PBXBuildFile; fileRef = A25F73D7235E7A53004FE0B9 /* GoogleService-Info.plist */; };
/* End PBXBuildFile section */

/* Begin PBXFileReference section */
		A25F73C0235E7838004FE0B9 /* LoginFirebaseDemoVideo.app */ = {isa = PBXFileReference; explicitFileType = wrapper.application; includeInIndex = 0; path = LoginFirebaseDemoVideo.app; sourceTree = BUILT_PRODUCTS_DIR; };
		A25F73C3235E7838004FE0B9 /* AppDelegate.swift */ = {isa = PBXFileReference; lastKnownFileType = sourcecode.swift; path = AppDelegate.swift; sourceTree = "<group>"; };
		A25F73C5235E7838004FE0B9 /* SceneDelegate.swift */ = {isa = PBXFileReference; lastKnownFileType = sourcecode.swift; path = SceneDelegate.swift; sourceTree = "<group>"; };
		A25F73C7235E7838004FE0B9 /* ViewController.swift */ = {isa = PBXFileReference; lastKnownFileType = sourcecode.swift; path = ViewController.swift; sourceTree = "<group>"; };
		A25F73CA235E7838004FE0B9 /* Base */ = {isa = PBXFileReference; lastKnownFileType = file.storyboard; name = Base; path = Base.lproj/Main.storyboard; sourceTree = "<group>"; };
		A25F73CC235E783B004FE0B9 /* Assets.xcassets */ = {isa = PBXFileReference; lastKnownFileType = folder.assetcatalog; path = Assets.xcassets; sourceTree = "<group>"; };
		A25F73CF235E783B004FE0B9 /* Base */ = {isa = PBXFileReference; lastKnownFileType = file.storyboard; name = Base; path = Base.lproj/LaunchScreen.storyboard; sourceTree = "<group>"; };
		A25F73D1235E783B004FE0B9 /* Info.plist */ = {isa = PBXFileReference; lastKnownFileType = text.plist.xml; path = Info.plist; sourceTree = "<group>"; };
		A25F73D7235E7A53004FE0B9 /* GoogleService-Info.plist */ = {isa = PBXFileReference; fileEncoding = 4; lastKnownFileType = text.plist.xml; name = "GoogleService-Info.plist"; path = "../../GoogleService-Info.plist"; sourceTree = "<group>"; };
		B7C066042E759C90745CAB68 /* Pods-LoginFirebaseDemoVideo.debug.xcconfig */ = {isa = PBXFileReference; includeInIndex = 1; lastKnownFileType = text.xcconfig; name = "Pods-LoginFirebaseDemoVideo.debug.xcconfig"; path = "Target Support Files/Pods-LoginFirebaseDemoVideo/Pods-LoginFirebaseDemoVideo.debug.xcconfig"; sourceTree = "<group>"; };
		D1FDEAC20B56C2A4C710EF68 /* Pods_LoginFirebaseDemoVideo.framework */ = {isa = PBXFileReference; explicitFileType = wrapper.framework; includeInIndex = 0; path = Pods_LoginFirebaseDemoVideo.framework; sourceTree = BUILT_PRODUCTS_DIR; };
		F896ED10E767A34539F1787F /* Pods-LoginFirebaseDemoVideo.release.xcconfig */ = {isa = PBXFileReference; includeInIndex = 1; lastKnownFileType = text.xcconfig; name = "Pods-LoginFirebaseDemoVideo.release.xcconfig"; path = "Target Support Files/Pods-LoginFirebaseDemoVideo/Pods-LoginFirebaseDemoVideo.release.xcconfig"; sourceTree = "<group>"; };
/* End PBXFileReference section */

/* Begin PBXFrameworksBuildPhase section */
		A25F73BD235E7838004FE0B9 /* Frameworks */ = {
			isa = PBXFrameworksBuildPhase;
			buildActionMask = 2147483647;
			files = (
				8D28BD0F71CBEB7641523BBF /* Pods_LoginFirebaseDemoVideo.framework in Frameworks */,
			);
			runOnlyForDeploymentPostprocessing = 0;
		};
/* End PBXFrameworksBuildPhase section */

/* Begin PBXGroup section */
		3F69CF209771B6405A6D3EA9 /* Frameworks */ = {
			isa = PBXGroup;
			children = (
				D1FDEAC20B56C2A4C710EF68 /* Pods_LoginFirebaseDemoVideo.framework */,
			);
			name = Frameworks;
			sourceTree = "<group>";
		};
		838A916A1A554FD79F62C8E0 /* Pods */ = {
			isa = PBXGroup;
			children = (
				B7C066042E759C90745CAB68 /* Pods-LoginFirebaseDemoVideo.debug.xcconfig */,
				F896ED10E767A34539F1787F /* Pods-LoginFirebaseDemoVideo.release.xcconfig */,
			);
			name = Pods;
			path = Pods;
			sourceTree = "<group>";
		};
		A25F73B7235E7838004FE0B9 = {
			isa = PBXGroup;
			children = (
				A25F73C2235E7838004FE0B9 /* LoginFirebaseDemoVideo */,
				A25F73C1235E7838004FE0B9 /* Products */,
				838A916A1A554FD79F62C8E0 /* Pods */,
				3F69CF209771B6405A6D3EA9 /* Frameworks */,
			);
			sourceTree = "<group>";
		};
		A25F73C1235E7838004FE0B9 /* Products */ = {
			isa = PBXGroup;
			children = (
				A25F73C0235E7838004FE0B9 /* LoginFirebaseDemoVideo.app */,
			);
			name = Products;
			sourceTree = "<group>";
		};
		A25F73C2235E7838004FE0B9 /* LoginFirebaseDemoVideo */ = {
			isa = PBXGroup;
			children = (
				A25F73C3235E7838004FE0B9 /* AppDelegate.swift */,
				A25F73C5235E7838004FE0B9 /* SceneDelegate.swift */,
				A25F73C7235E7838004FE0B9 /* ViewController.swift */,
				A25F73C9235E7838004FE0B9 /* Main.storyboard */,
				A25F73CC235E783B004FE0B9 /* Assets.xcassets */,
				A25F73CE235E783B004FE0B9 /* LaunchScreen.storyboard */,
				A25F73D1235E783B004FE0B9 /* Info.plist */,
				A25F73D7235E7A53004FE0B9 /* GoogleService-Info.plist */,
			);
			path = LoginFirebaseDemoVideo;
			sourceTree = "<group>";
		};
/* End PBXGroup section */

/* Begin PBXNativeTarget section */
		A25F73BF235E7838004FE0B9 /* LoginFirebaseDemoVideo */ = {
			isa = PBXNativeTarget;
			buildConfigurationList = A25F73D4235E783B004FE0B9 /* Build configuration list for PBXNativeTarget "LoginFirebaseDemoVideo" */;
			buildPhases = (
				E5948643B6D4A6D4A287E9E5 /* [CP] Check Pods Manifest.lock */,
				A25F73BC235E7838004FE0B9 /* Sources */,
				A25F73BD235E7838004FE0B9 /* Frameworks */,
				A25F73BE235E7838004FE0B9 /* Resources */,
				1E1434EB55572E0D33C57ADA /* [CP] Embed Pods Frameworks */,
			);
			buildRules = (
			);
			dependencies = (
			);
			name = LoginFirebaseDemoVideo;
			productName = LoginFirebaseDemoVideo;
			productReference = A25F73C0235E7838004FE0B9 /* LoginFirebaseDemoVideo.app */;
			productType = "com.apple.product-type.application";
		};
/* End PBXNativeTarget section */

/* Begin PBXProject section */
		A25F73B8235E7838004FE0B9 /* Project object */ = {
			isa = PBXProject;
			attributes = {
				LastSwiftUpdateCheck = 1110;
				LastUpgradeCheck = 1110;
				ORGANIZATIONNAME = ArmanVaziri;
				TargetAttributes = {
					A25F73BF235E7838004FE0B9 = {
						CreatedOnToolsVersion = 11.1;
					};
				};
			};
			buildConfigurationList = A25F73BB235E7838004FE0B9 /* Build configuration list for PBXProject "LoginFirebaseDemoVideo" */;
			compatibilityVersion = "Xcode 9.3";
			developmentRegion = en;
			hasScannedForEncodings = 0;
			knownRegions = (
				en,
				Base,
			);
			mainGroup = A25F73B7235E7838004FE0B9;
			productRefGroup = A25F73C1235E7838004FE0B9 /* Products */;
			projectDirPath = "";
			projectRoot = "";
			targets = (
				A25F73BF235E7838004FE0B9 /* LoginFirebaseDemoVideo */,
			);
		};
/* End PBXProject section */

/* Begin PBXResourcesBuildPhase section */
		A25F73BE235E7838004FE0B9 /* Resources */ = {
			isa = PBXResourcesBuildPhase;
			buildActionMask = 2147483647;
			files = (
				A25F73D0235E783B004FE0B9 /* LaunchScreen.storyboard in Resources */,
				A25F73D8235E7A53004FE0B9 /* GoogleService-Info.plist in Resources */,
				A25F73CD235E783B004FE0B9 /* Assets.xcassets in Resources */,
				A25F73CB235E7838004FE0B9 /* Main.storyboard in Resources */,
			);
			runOnlyForDeploymentPostprocessing = 0;
		};
/* End PBXResourcesBuildPhase section */

/* Begin PBXShellScriptBuildPhase section */
		1E1434EB55572E0D33C57ADA /* [CP] Embed Pods Frameworks */ = {
			isa = PBXShellScriptBuildPhase;
			buildActionMask = 2147483647;
			files = (
			);
			inputFileListPaths = (
				"${PODS_ROOT}/Target Support Files/Pods-LoginFirebaseDemoVideo/Pods-LoginFirebaseDemoVideo-frameworks-${CONFIGURATION}-input-files.xcfilelist",
			);
			name = "[CP] Embed Pods Frameworks";
			outputFileListPaths = (
				"${PODS_ROOT}/Target Support Files/Pods-LoginFirebaseDemoVideo/Pods-LoginFirebaseDemoVideo-frameworks-${CONFIGURATION}-output-files.xcfilelist",
			);
			runOnlyForDeploymentPostprocessing = 0;
			shellPath = /bin/sh;
			shellScript = "\"${PODS_ROOT}/Target Support Files/Pods-LoginFirebaseDemoVideo/Pods-LoginFirebaseDemoVideo-frameworks.sh\"\n";
			showEnvVarsInLog = 0;
		};
		E5948643B6D4A6D4A287E9E5 /* [CP] Check Pods Manifest.lock */ = {
			isa = PBXShellScriptBuildPhase;
			buildActionMask = 2147483647;
			files = (
			);
			inputFileListPaths = (
			);
			inputPaths = (
				"${PODS_PODFILE_DIR_PATH}/Podfile.lock",
				"${PODS_ROOT}/Manifest.lock",
			);
			name = "[CP] Check Pods Manifest.lock";
			outputFileListPaths = (
			);
			outputPaths = (
				"$(DERIVED_FILE_DIR)/Pods-LoginFirebaseDemoVideo-checkManifestLockResult.txt",
			);
			runOnlyForDeploymentPostprocessing = 0;
			shellPath = /bin/sh;
			shellScript = "diff \"${PODS_PODFILE_DIR_PATH}/Podfile.lock\" \"${PODS_ROOT}/Manifest.lock\" > /dev/null\nif [ $? != 0 ] ; then\n    # print error to STDERR\n    echo \"error: The sandbox is not in sync with the Podfile.lock. Run 'pod install' or update your CocoaPods installation.\" >&2\n    exit 1\nfi\n# This output is used by Xcode 'outputs' to avoid re-running this script phase.\necho \"SUCCESS\" > \"${SCRIPT_OUTPUT_FILE_0}\"\n";
			showEnvVarsInLog = 0;
		};
/* End PBXShellScriptBuildPhase section */

/* Begin PBXSourcesBuildPhase section */
		A25F73BC235E7838004FE0B9 /* Sources */ = {
			isa = PBXSourcesBuildPhase;
			buildActionMask = 2147483647;
			files = (
				A25F73C8235E7838004FE0B9 /* ViewController.swift in Sources */,
				A25F73C4235E7838004FE0B9 /* AppDelegate.swift in Sources */,
				A25F73C6235E7838004FE0B9 /* SceneDelegate.swift in Sources */,
			);
			runOnlyForDeploymentPostprocessing = 0;
		};
/* End PBXSourcesBuildPhase section */

/* Begin PBXVariantGroup section */
		A25F73C9235E7838004FE0B9 /* Main.storyboard */ = {
			isa = PBXVariantGroup;
			children = (
				A25F73CA235E7838004FE0B9 /* Base */,
			);
			name = Main.storyboard;
			sourceTree = "<group>";
		};
		A25F73CE235E783B004FE0B9 /* LaunchScreen.storyboard */ = {
			isa = PBXVariantGroup;
			children = (
				A25F73CF235E783B004FE0B9 /* Base */,
			);
			name = LaunchScreen.storyboard;
			sourceTree = "<group>";
		};
/* End PBXVariantGroup section */

/* Begin XCBuildConfiguration section */
		A25F73D2235E783B004FE0B9 /* Debug */ = {
			isa = XCBuildConfiguration;
			buildSettings = {
				ALWAYS_SEARCH_USER_PATHS = NO;
				CLANG_ANALYZER_NONNULL = YES;
				CLANG_ANALYZER_NUMBER_OBJECT_CONVERSION = YES_AGGRESSIVE;
				CLANG_CXX_LANGUAGE_STANDARD = "gnu++14";
				CLANG_CXX_LIBRARY = "libc++";
				CLANG_ENABLE_MODULES = YES;
				CLANG_ENABLE_OBJC_ARC = YES;
				CLANG_ENABLE_OBJC_WEAK = YES;
				CLANG_WARN_BLOCK_CAPTURE_AUTORELEASING = YES;
				CLANG_WARN_BOOL_CONVERSION = YES;
				CLANG_WARN_COMMA = YES;
				CLANG_WARN_CONSTANT_CONVERSION = YES;
				CLANG_WARN_DEPRECATED_OBJC_IMPLEMENTATIONS = YES;
				CLANG_WARN_DIRECT_OBJC_ISA_USAGE = YES_ERROR;
				CLANG_WARN_DOCUMENTATION_COMMENTS = YES;
				CLANG_WARN_EMPTY_BODY = YES;
				CLANG_WARN_ENUM_CONVERSION = YES;
				CLANG_WARN_INFINITE_RECURSION = YES;
				CLANG_WARN_INT_CONVERSION = YES;
				CLANG_WARN_NON_LITERAL_NULL_CONVERSION = YES;
				CLANG_WARN_OBJC_IMPLICIT_RETAIN_SELF = YES;
				CLANG_WARN_OBJC_LITERAL_CONVERSION = YES;
				CLANG_WARN_OBJC_ROOT_CLASS = YES_ERROR;
				CLANG_WARN_RANGE_LOOP_ANALYSIS = YES;
				CLANG_WARN_STRICT_PROTOTYPES = YES;
				CLANG_WARN_SUSPICIOUS_MOVE = YES;
				CLANG_WARN_UNGUARDED_AVAILABILITY = YES_AGGRESSIVE;
				CLANG_WARN_UNREACHABLE_CODE = YES;
				CLANG_WARN__DUPLICATE_METHOD_MATCH = YES;
				COPY_PHASE_STRIP = NO;
				DEBUG_INFORMATION_FORMAT = dwarf;
				ENABLE_STRICT_OBJC_MSGSEND = YES;
				ENABLE_TESTABILITY = YES;
				GCC_C_LANGUAGE_STANDARD = gnu11;
				GCC_DYNAMIC_NO_PIC = NO;
				GCC_NO_COMMON_BLOCKS = YES;
				GCC_OPTIMIZATION_LEVEL = 0;
				GCC_PREPROCESSOR_DEFINITIONS = (
					"DEBUG=1",
					"$(inherited)",
				);
				GCC_WARN_64_TO_32_BIT_CONVERSION = YES;
				GCC_WARN_ABOUT_RETURN_TYPE = YES_ERROR;
				GCC_WARN_UNDECLARED_SELECTOR = YES;
				GCC_WARN_UNINITIALIZED_AUTOS = YES_AGGRESSIVE;
				GCC_WARN_UNUSED_FUNCTION = YES;
				GCC_WARN_UNUSED_VARIABLE = YES;
				IPHONEOS_DEPLOYMENT_TARGET = 13.1;
				MTL_ENABLE_DEBUG_INFO = INCLUDE_SOURCE;
				MTL_FAST_MATH = YES;
				ONLY_ACTIVE_ARCH = YES;
				SDKROOT = iphoneos;
				SWIFT_ACTIVE_COMPILATION_CONDITIONS = DEBUG;
				SWIFT_OPTIMIZATION_LEVEL = "-Onone";
			};
			name = Debug;
		};
		A25F73D3235E783B004FE0B9 /* Release */ = {
			isa = XCBuildConfiguration;
			buildSettings = {
				ALWAYS_SEARCH_USER_PATHS = NO;
				CLANG_ANALYZER_NONNULL = YES;
				CLANG_ANALYZER_NUMBER_OBJECT_CONVERSION = YES_AGGRESSIVE;
				CLANG_CXX_LANGUAGE_STANDARD = "gnu++14";
				CLANG_CXX_LIBRARY = "libc++";
				CLANG_ENABLE_MODULES = YES;
				CLANG_ENABLE_OBJC_ARC = YES;
				CLANG_ENABLE_OBJC_WEAK = YES;
				CLANG_WARN_BLOCK_CAPTURE_AUTORELEASING = YES;
				CLANG_WARN_BOOL_CONVERSION = YES;
				CLANG_WARN_COMMA = YES;
				CLANG_WARN_CONSTANT_CONVERSION = YES;
				CLANG_WARN_DEPRECATED_OBJC_IMPLEMENTATIONS = YES;
				CLANG_WARN_DIRECT_OBJC_ISA_USAGE = YES_ERROR;
				CLANG_WARN_DOCUMENTATION_COMMENTS = YES;
				CLANG_WARN_EMPTY_BODY = YES;
				CLANG_WARN_ENUM_CONVERSION = YES;
				CLANG_WARN_INFINITE_RECURSION = YES;
				CLANG_WARN_INT_CONVERSION = YES;
				CLANG_WARN_NON_LITERAL_NULL_CONVERSION = YES;
				CLANG_WARN_OBJC_IMPLICIT_RETAIN_SELF = YES;
				CLANG_WARN_OBJC_LITERAL_CONVERSION = YES;
				CLANG_WARN_OBJC_ROOT_CLASS = YES_ERROR;
				CLANG_WARN_RANGE_LOOP_ANALYSIS = YES;
				CLANG_WARN_STRICT_PROTOTYPES = YES;
				CLANG_WARN_SUSPICIOUS_MOVE = YES;
				CLANG_WARN_UNGUARDED_AVAILABILITY = YES_AGGRESSIVE;
				CLANG_WARN_UNREACHABLE_CODE = YES;
				CLANG_WARN__DUPLICATE_METHOD_MATCH = YES;
				COPY_PHASE_STRIP = NO;
				DEBUG_INFORMATION_FORMAT = "dwarf-with-dsym";
				ENABLE_NS_ASSERTIONS = NO;
				ENABLE_STRICT_OBJC_MSGSEND = YES;
				GCC_C_LANGUAGE_STANDARD = gnu11;
				GCC_NO_COMMON_BLOCKS = YES;
				GCC_WARN_64_TO_32_BIT_CONVERSION = YES;
				GCC_WARN_ABOUT_RETURN_TYPE = YES_ERROR;
				GCC_WARN_UNDECLARED_SELECTOR = YES;
				GCC_WARN_UNINITIALIZED_AUTOS = YES_AGGRESSIVE;
				GCC_WARN_UNUSED_FUNCTION = YES;
				GCC_WARN_UNUSED_VARIABLE = YES;
				IPHONEOS_DEPLOYMENT_TARGET = 13.1;
				MTL_ENABLE_DEBUG_INFO = NO;
				MTL_FAST_MATH = YES;
				SDKROOT = iphoneos;
				SWIFT_COMPILATION_MODE = wholemodule;
				SWIFT_OPTIMIZATION_LEVEL = "-O";
				VALIDATE_PRODUCT = YES;
			};
			name = Release;
		};
		A25F73D5235E783B004FE0B9 /* Debug */ = {
			isa = XCBuildConfiguration;
			baseConfigurationReference = B7C066042E759C90745CAB68 /* Pods-LoginFirebaseDemoVideo.debug.xcconfig */;
			buildSettings = {
				ASSETCATALOG_COMPILER_APPICON_NAME = AppIcon;
				CODE_SIGN_STYLE = Automatic;
				DEVELOPMENT_TEAM = 7XHWBX37C3;
				INFOPLIST_FILE = LoginFirebaseDemoVideo/Info.plist;
				LD_RUNPATH_SEARCH_PATHS = (
					"$(inherited)",
					"@executable_path/Frameworks",
				);
				PRODUCT_BUNDLE_IDENTIFIER = ArmanVaziri.LoginFirebaseDemoVideo;
				PRODUCT_NAME = "$(TARGET_NAME)";
				SWIFT_VERSION = 5.0;
				TARGETED_DEVICE_FAMILY = "1,2";
			};
			name = Debug;
		};
		A25F73D6235E783B004FE0B9 /* Release */ = {
			isa = XCBuildConfiguration;
			baseConfigurationReference = F896ED10E767A34539F1787F /* Pods-LoginFirebaseDemoVideo.release.xcconfig */;
			buildSettings = {
				ASSETCATALOG_COMPILER_APPICON_NAME = AppIcon;
				CODE_SIGN_STYLE = Automatic;
				DEVELOPMENT_TEAM = 7XHWBX37C3;
				INFOPLIST_FILE = LoginFirebaseDemoVideo/Info.plist;
				LD_RUNPATH_SEARCH_PATHS = (
					"$(inherited)",
					"@executable_path/Frameworks",
				);
				PRODUCT_BUNDLE_IDENTIFIER = ArmanVaziri.LoginFirebaseDemoVideo;
				PRODUCT_NAME = "$(TARGET_NAME)";
				SWIFT_VERSION = 5.0;
				TARGETED_DEVICE_FAMILY = "1,2";
			};
			name = Release;
		};
/* End XCBuildConfiguration section */

/* Begin XCConfigurationList section */
		A25F73BB235E7838004FE0B9 /* Build configuration list for PBXProject "LoginFirebaseDemoVideo" */ = {
			isa = XCConfigurationList;
			buildConfigurations = (
				A25F73D2235E783B004FE0B9 /* Debug */,
				A25F73D3235E783B004FE0B9 /* Release */,
			);
			defaultConfigurationIsVisible = 0;
			defaultConfigurationName = Release;
		};
		A25F73D4235E783B004FE0B9 /* Build configuration list for PBXNativeTarget "LoginFirebaseDemoVideo" */ = {
			isa = XCConfigurationList;
			buildConfigurations = (
				A25F73D5235E783B004FE0B9 /* Debug */,
				A25F73D6235E783B004FE0B9 /* Release */,
			);
			defaultConfigurationIsVisible = 0;
			defaultConfigurationName = Release;
		};
/* End XCConfigurationList section */
	};
	rootObject = A25F73B8235E7838004FE0B9 /* Project object */;
}
